// !$*UTF8*$!
{
	archiveVersion = 1;
	classes = {
	};
	objectVersion = 51;
	objects = {

/* Begin PBXBuildFile section */
		478945E81D15BEE600007E57 /* libzbar.a in Frameworks */ = {isa = PBXBuildFile; fileRef = 478945E71D15BEE600007E57 /* libzbar.a */; };
		478945F61D15BF8700007E57 /* AppDelegate.swift in Sources */ = {isa = PBXBuildFile; fileRef = 478945EA1D15BF8700007E57 /* AppDelegate.swift */; };
		478945F71D15BF8700007E57 /* BaseViewController.swift in Sources */ = {isa = PBXBuildFile; fileRef = 478945EB1D15BF8700007E57 /* BaseViewController.swift */; };
		478945F81D15BF8700007E57 /* CustomButton.swift in Sources */ = {isa = PBXBuildFile; fileRef = 478945EC1D15BF8700007E57 /* CustomButton.swift */; };
		478945F91D15BF8700007E57 /* Extensions.swift in Sources */ = {isa = PBXBuildFile; fileRef = 478945ED1D15BF8700007E57 /* Extensions.swift */; };
		478945FA1D15BF8700007E57 /* HistoriesViewController.swift in Sources */ = {isa = PBXBuildFile; fileRef = 478945EE1D15BF8700007E57 /* HistoriesViewController.swift */; };
		478945FB1D15BF8700007E57 /* MainTabBarController.swift in Sources */ = {isa = PBXBuildFile; fileRef = 478945EF1D15BF8700007E57 /* MainTabBarController.swift */; };
		478945FC1D15BF8700007E57 /* ScanHistoryModel.swift in Sources */ = {isa = PBXBuildFile; fileRef = 478945F11D15BF8700007E57 /* ScanHistoryModel.swift */; };
		478945FD1D15BF8700007E57 /* ScanResultViewController.swift in Sources */ = {isa = PBXBuildFile; fileRef = 478945F21D15BF8700007E57 /* ScanResultViewController.swift */; };
		478945FE1D15BF8700007E57 /* ScanViewController.swift in Sources */ = {isa = PBXBuildFile; fileRef = 478945F31D15BF8700007E57 /* ScanViewController.swift */; };
		478945FF1D15BF8700007E57 /* SizeUtils.swift in Sources */ = {isa = PBXBuildFile; fileRef = 478945F41D15BF8700007E57 /* SizeUtils.swift */; };
		478946001D15BF8700007E57 /* TableViewController.swift in Sources */ = {isa = PBXBuildFile; fileRef = 478945F51D15BF8700007E57 /* TableViewController.swift */; };
		478946021D15BF9300007E57 /* Assets.xcassets in Resources */ = {isa = PBXBuildFile; fileRef = 478946011D15BF9300007E57 /* Assets.xcassets */; };
		478946091D15BFC900007E57 /* Settings.bundle in Resources */ = {isa = PBXBuildFile; fileRef = 478946081D15BFC900007E57 /* Settings.bundle */; };
		4789460B1D15C01100007E57 /* UIView+Toast.m in Sources */ = {isa = PBXBuildFile; fileRef = 4789460A1D15C01100007E57 /* UIView+Toast.m */; };
		4789460F1D15C07D00007E57 /* camera@2x.png in Resources */ = {isa = PBXBuildFile; fileRef = 4789460D1D15C07D00007E57 /* camera@2x.png */; };
		478946101D15C07D00007E57 /* list@2x.png in Resources */ = {isa = PBXBuildFile; fileRef = 4789460E1D15C07D00007E57 /* list@2x.png */; };
		478946141D15C48500007E57 /* Localizable.strings in Resources */ = {isa = PBXBuildFile; fileRef = 478946161D15C48500007E57 /* Localizable.strings */; };
		4789461D1D15CA9400007E57 /* InfoPlist.strings in Resources */ = {isa = PBXBuildFile; fileRef = 4789461F1D15CA9400007E57 /* InfoPlist.strings */; };
		478946271D1A969900007E57 /* clipboard@2x.png in Resources */ = {isa = PBXBuildFile; fileRef = 478946241D1A969900007E57 /* clipboard@2x.png */; };
		478946291D1A969900007E57 /* share@2x.png in Resources */ = {isa = PBXBuildFile; fileRef = 478946261D1A969900007E57 /* share@2x.png */; };
		4789462B1D1A96E000007E57 /* external@2x.png in Resources */ = {isa = PBXBuildFile; fileRef = 4789462A1D1A96E000007E57 /* external@2x.png */; };
/* End PBXBuildFile section */

/* Begin PBXFileReference section */
		478945E71D15BEE600007E57 /* libzbar.a */ = {isa = PBXFileReference; lastKnownFileType = archive.ar; name = libzbar.a; path = libs/ZBarSDK/libzbar.a; sourceTree = "<group>"; };
		478945EA1D15BF8700007E57 /* AppDelegate.swift */ = {isa = PBXFileReference; fileEncoding = 4; lastKnownFileType = sourcecode.swift; path = AppDelegate.swift; sourceTree = "<group>"; };
		478945EB1D15BF8700007E57 /* BaseViewController.swift */ = {isa = PBXFileReference; fileEncoding = 4; lastKnownFileType = sourcecode.swift; path = BaseViewController.swift; sourceTree = "<group>"; };
		478945EC1D15BF8700007E57 /* CustomButton.swift */ = {isa = PBXFileReference; fileEncoding = 4; lastKnownFileType = sourcecode.swift; path = CustomButton.swift; sourceTree = "<group>"; };
		478945ED1D15BF8700007E57 /* Extensions.swift */ = {isa = PBXFileReference; fileEncoding = 4; lastKnownFileType = sourcecode.swift; path = Extensions.swift; sourceTree = "<group>"; };
		478945EE1D15BF8700007E57 /* HistoriesViewController.swift */ = {isa = PBXFileReference; fileEncoding = 4; lastKnownFileType = sourcecode.swift; path = HistoriesViewController.swift; sourceTree = "<group>"; };
		478945EF1D15BF8700007E57 /* MainTabBarController.swift */ = {isa = PBXFileReference; fileEncoding = 4; lastKnownFileType = sourcecode.swift; path = MainTabBarController.swift; sourceTree = "<group>"; };
		478945F01D15BF8700007E57 /* QR-Code-Bridging-Header.h */ = {isa = PBXFileReference; fileEncoding = 4; lastKnownFileType = sourcecode.c.h; path = "QR-Code-Bridging-Header.h"; sourceTree = "<group>"; };
		478945F11D15BF8700007E57 /* ScanHistoryModel.swift */ = {isa = PBXFileReference; fileEncoding = 4; lastKnownFileType = sourcecode.swift; path = ScanHistoryModel.swift; sourceTree = "<group>"; };
		478945F21D15BF8700007E57 /* ScanResultViewController.swift */ = {isa = PBXFileReference; fileEncoding = 4; lastKnownFileType = sourcecode.swift; path = ScanResultViewController.swift; sourceTree = "<group>"; };
		478945F31D15BF8700007E57 /* ScanViewController.swift */ = {isa = PBXFileReference; fileEncoding = 4; lastKnownFileType = sourcecode.swift; path = ScanViewController.swift; sourceTree = "<group>"; };
		478945F41D15BF8700007E57 /* SizeUtils.swift */ = {isa = PBXFileReference; fileEncoding = 4; lastKnownFileType = sourcecode.swift; path = SizeUtils.swift; sourceTree = "<group>"; };
		478945F51D15BF8700007E57 /* TableViewController.swift */ = {isa = PBXFileReference; fileEncoding = 4; lastKnownFileType = sourcecode.swift; path = TableViewController.swift; sourceTree = "<group>"; };
		478946011D15BF9300007E57 /* Assets.xcassets */ = {isa = PBXFileReference; lastKnownFileType = folder.assetcatalog; path = Assets.xcassets; sourceTree = "<group>"; };
		478946061D15BFBA00007E57 /* Info.plist */ = {isa = PBXFileReference; fileEncoding = 4; lastKnownFileType = text.plist.xml; path = Info.plist; sourceTree = "<group>"; };
		478946081D15BFC900007E57 /* Settings.bundle */ = {isa = PBXFileReference; lastKnownFileType = "wrapper.plug-in"; path = Settings.bundle; sourceTree = "<group>"; };
		4789460A1D15C01100007E57 /* UIView+Toast.m */ = {isa = PBXFileReference; fileEncoding = 4; lastKnownFileType = sourcecode.c.objc; name = "UIView+Toast.m"; path = "libs/Toast/Toast/Toast/UIView+Toast.m"; sourceTree = "<group>"; };
		4789460D1D15C07D00007E57 /* camera@2x.png */ = {isa = PBXFileReference; lastKnownFileType = image.png; path = "camera@2x.png"; sourceTree = "<group>"; };
		4789460E1D15C07D00007E57 /* list@2x.png */ = {isa = PBXFileReference; lastKnownFileType = image.png; path = "list@2x.png"; sourceTree = "<group>"; };
		478946151D15C48500007E57 /* Base */ = {isa = PBXFileReference; lastKnownFileType = text.plist.strings; name = Base; path = Base.lproj/Localizable.strings; sourceTree = "<group>"; };
		4789461A1D15C96000007E57 /* ja */ = {isa = PBXFileReference; lastKnownFileType = text.plist.strings; name = ja; path = ja.lproj/Localizable.strings; sourceTree = "<group>"; };
		4789461E1D15CA9400007E57 /* Base */ = {isa = PBXFileReference; lastKnownFileType = text.plist.strings; name = Base; path = Base.lproj/InfoPlist.strings; sourceTree = "<group>"; };
		478946201D15CAC200007E57 /* ja */ = {isa = PBXFileReference; lastKnownFileType = text.plist.strings; name = ja; path = ja.lproj/InfoPlist.strings; sourceTree = "<group>"; };
		478946241D1A969900007E57 /* clipboard@2x.png */ = {isa = PBXFileReference; lastKnownFileType = image.png; path = "clipboard@2x.png"; sourceTree = "<group>"; };
		478946261D1A969900007E57 /* share@2x.png */ = {isa = PBXFileReference; lastKnownFileType = image.png; path = "share@2x.png"; sourceTree = "<group>"; };
		4789462A1D1A96E000007E57 /* external@2x.png */ = {isa = PBXFileReference; lastKnownFileType = image.png; path = "external@2x.png"; sourceTree = "<group>"; };
		47E8445F1D12C7390064777A /* QR-Code.app */ = {isa = PBXFileReference; explicitFileType = wrapper.application; includeInIndex = 0; path = "QR-Code.app"; sourceTree = BUILT_PRODUCTS_DIR; };
/* End PBXFileReference section */

/* Begin PBXFrameworksBuildPhase section */
		47E8445C1D12C7390064777A /* Frameworks */ = {
			isa = PBXFrameworksBuildPhase;
			buildActionMask = 2147483647;
			files = (
				478945E81D15BEE600007E57 /* libzbar.a in Frameworks */,
			);
			runOnlyForDeploymentPostprocessing = 0;
		};
/* End PBXFrameworksBuildPhase section */

/* Begin PBXGroup section */
		478945E91D15BF8700007E57 /* src */ = {
			isa = PBXGroup;
			children = (
				478945EA1D15BF8700007E57 /* AppDelegate.swift */,
				478945EB1D15BF8700007E57 /* BaseViewController.swift */,
				478945EC1D15BF8700007E57 /* CustomButton.swift */,
				478945ED1D15BF8700007E57 /* Extensions.swift */,
				478945EE1D15BF8700007E57 /* HistoriesViewController.swift */,
				478945EF1D15BF8700007E57 /* MainTabBarController.swift */,
				478945F01D15BF8700007E57 /* QR-Code-Bridging-Header.h */,
				478945F11D15BF8700007E57 /* ScanHistoryModel.swift */,
				478945F21D15BF8700007E57 /* ScanResultViewController.swift */,
				478945F31D15BF8700007E57 /* ScanViewController.swift */,
				478945F41D15BF8700007E57 /* SizeUtils.swift */,
				478945F51D15BF8700007E57 /* TableViewController.swift */,
			);
			path = src;
			sourceTree = "<group>";
		};
		478946031D15BF9C00007E57 /* Base.lproj */ = {
			isa = PBXGroup;
			children = (
			);
			path = Base.lproj;
			sourceTree = "<group>";
		};
		4789460C1D15C07D00007E57 /* res */ = {
			isa = PBXGroup;
			children = (
				4789460D1D15C07D00007E57 /* camera@2x.png */,
				478946241D1A969900007E57 /* clipboard@2x.png */,
				4789462A1D1A96E000007E57 /* external@2x.png */,
				4789460E1D15C07D00007E57 /* list@2x.png */,
				478946261D1A969900007E57 /* share@2x.png */,
			);
			path = res;
			sourceTree = "<group>";
		};
		478946111D15C09200007E57 /* libs */ = {
			isa = PBXGroup;
			children = (
				478945E71D15BEE600007E57 /* libzbar.a */,
				4789460A1D15C01100007E57 /* UIView+Toast.m */,
			);
			name = libs;
			sourceTree = "<group>";
		};
		47E844561D12C7390064777A = {
			isa = PBXGroup;
			children = (
				478946011D15BF9300007E57 /* Assets.xcassets */,
				4789461F1D15CA9400007E57 /* InfoPlist.strings */,
				478946161D15C48500007E57 /* Localizable.strings */,
				478946081D15BFC900007E57 /* Settings.bundle */,
				478946061D15BFBA00007E57 /* Info.plist */,
				478946031D15BF9C00007E57 /* Base.lproj */,
				478945E91D15BF8700007E57 /* src */,
				4789460C1D15C07D00007E57 /* res */,
				478946111D15C09200007E57 /* libs */,
				47E844601D12C7390064777A /* Products */,
			);
			sourceTree = "<group>";
			usesTabs = 0;
		};
		47E844601D12C7390064777A /* Products */ = {
			isa = PBXGroup;
			children = (
				47E8445F1D12C7390064777A /* QR-Code.app */,
			);
			name = Products;
			sourceTree = "<group>";
		};
/* End PBXGroup section */

/* Begin PBXNativeTarget section */
		47E8445E1D12C7390064777A /* QR-Code */ = {
			isa = PBXNativeTarget;
			buildConfigurationList = 47E844711D12C7390064777A /* Build configuration list for PBXNativeTarget "QR-Code" */;
			buildPhases = (
				47E8445B1D12C7390064777A /* Sources */,
				47E8445C1D12C7390064777A /* Frameworks */,
				47E8445D1D12C7390064777A /* Resources */,
				478945D81D156A5500007E57 /* ShellScript */,
			);
			buildRules = (
			);
			dependencies = (
			);
			name = "QR-Code";
			productName = "QR-Code";
			productReference = 47E8445F1D12C7390064777A /* QR-Code.app */;
			productType = "com.apple.product-type.application";
		};
/* End PBXNativeTarget section */

/* Begin PBXProject section */
		47E844571D12C7390064777A /* Project object */ = {
			isa = PBXProject;
			attributes = {
				LastSwiftUpdateCheck = 0730;
				LastUpgradeCheck = 1010;
				ORGANIZATIONNAME = "App research and development";
				TargetAttributes = {
					47E8445E1D12C7390064777A = {
						CreatedOnToolsVersion = 7.3.1;
						LastSwiftMigration = 1020;
					};
				};
			};
			buildConfigurationList = 47E8445A1D12C7390064777A /* Build configuration list for PBXProject "QR-Code" */;
			compatibilityVersion = "Xcode 10.0";
			developmentRegion = en;
			hasScannedForEncodings = 0;
			knownRegions = (
				en,
				Base,
				ja,
			);
			mainGroup = 47E844561D12C7390064777A;
			productRefGroup = 47E844601D12C7390064777A /* Products */;
			projectDirPath = "";
			projectRoot = "";
			targets = (
				47E8445E1D12C7390064777A /* QR-Code */,
			);
		};
/* End PBXProject section */

/* Begin PBXResourcesBuildPhase section */
		47E8445D1D12C7390064777A /* Resources */ = {
			isa = PBXResourcesBuildPhase;
			buildActionMask = 2147483647;
			files = (
				478946091D15BFC900007E57 /* Settings.bundle in Resources */,
				4789461D1D15CA9400007E57 /* InfoPlist.strings in Resources */,
				478946291D1A969900007E57 /* share@2x.png in Resources */,
				4789460F1D15C07D00007E57 /* camera@2x.png in Resources */,
				478946141D15C48500007E57 /* Localizable.strings in Resources */,
				478946271D1A969900007E57 /* clipboard@2x.png in Resources */,
				4789462B1D1A96E000007E57 /* external@2x.png in Resources */,
				478946021D15BF9300007E57 /* Assets.xcassets in Resources */,
				478946101D15C07D00007E57 /* list@2x.png in Resources */,
			);
			runOnlyForDeploymentPostprocessing = 0;
		};
/* End PBXResourcesBuildPhase section */

/* Begin PBXShellScriptBuildPhase section */
		478945D81D156A5500007E57 /* ShellScript */ = {
			isa = PBXShellScriptBuildPhase;
			buildActionMask = 2147483647;
			files = (
			);
			inputPaths = (
			);
			outputPaths = (
			);
			runOnlyForDeploymentPostprocessing = 0;
			shellPath = /bin/sh;
			shellScript = "APP_VERSION=$(/usr/libexec/PlistBuddy -c \"Print CFBundleShortVersionString\" $PRODUCT_SETTINGS_PATH)\n/usr/libexec/PlistBuddy -c \"Set :PreferenceSpecifiers:2:DefaultValue ${APP_VERSION}\" \"${BUILT_PRODUCTS_DIR}/${WRAPPER_NAME}/Settings.bundle/Root.plist\"\n\nBUILD_NUMBER=$(/usr/libexec/PlistBuddy -c \"Print CFBundleVersion\" $PRODUCT_SETTINGS_PATH)\n/usr/libexec/PlistBuddy -c \"Set :PreferenceSpecifiers:3:DefaultValue ${BUILD_NUMBER}\" \"${BUILT_PRODUCTS_DIR}/${WRAPPER_NAME}/Settings.bundle/Root.plist\"";
		};
/* End PBXShellScriptBuildPhase section */

/* Begin PBXSourcesBuildPhase section */
		47E8445B1D12C7390064777A /* Sources */ = {
			isa = PBXSourcesBuildPhase;
			buildActionMask = 2147483647;
			files = (
				478945F61D15BF8700007E57 /* AppDelegate.swift in Sources */,
				478945F71D15BF8700007E57 /* BaseViewController.swift in Sources */,
				478945FB1D15BF8700007E57 /* MainTabBarController.swift in Sources */,
				478945F81D15BF8700007E57 /* CustomButton.swift in Sources */,
				478945FD1D15BF8700007E57 /* ScanResultViewController.swift in Sources */,
				478945FA1D15BF8700007E57 /* HistoriesViewController.swift in Sources */,
				478946001D15BF8700007E57 /* TableViewController.swift in Sources */,
				478945FF1D15BF8700007E57 /* SizeUtils.swift in Sources */,
				478945F91D15BF8700007E57 /* Extensions.swift in Sources */,
				478945FC1D15BF8700007E57 /* ScanHistoryModel.swift in Sources */,
				478945FE1D15BF8700007E57 /* ScanViewController.swift in Sources */,
				4789460B1D15C01100007E57 /* UIView+Toast.m in Sources */,
			);
			runOnlyForDeploymentPostprocessing = 0;
		};
/* End PBXSourcesBuildPhase section */

/* Begin PBXVariantGroup section */
		478946161D15C48500007E57 /* Localizable.strings */ = {
			isa = PBXVariantGroup;
			children = (
				478946151D15C48500007E57 /* Base */,
				4789461A1D15C96000007E57 /* ja */,
			);
			name = Localizable.strings;
			sourceTree = "<group>";
		};
		4789461F1D15CA9400007E57 /* InfoPlist.strings */ = {
			isa = PBXVariantGroup;
			children = (
				4789461E1D15CA9400007E57 /* Base */,
				478946201D15CAC200007E57 /* ja */,
			);
			name = InfoPlist.strings;
			sourceTree = "<group>";
		};
/* End PBXVariantGroup section */

/* Begin XCBuildConfiguration section */
		47E8446F1D12C7390064777A /* Debug */ = {
			isa = XCBuildConfiguration;
			buildSettings = {
				ALWAYS_SEARCH_USER_PATHS = NO;
				CLANG_ANALYZER_LOCALIZABILITY_NONLOCALIZED = YES;
				CLANG_ANALYZER_NONNULL = YES;
				CLANG_CXX_LANGUAGE_STANDARD = "gnu++0x";
				CLANG_CXX_LIBRARY = "libc++";
				CLANG_ENABLE_MODULES = YES;
				CLANG_ENABLE_OBJC_ARC = YES;
				CLANG_WARN_BLOCK_CAPTURE_AUTORELEASING = YES;
				CLANG_WARN_BOOL_CONVERSION = YES;
				CLANG_WARN_COMMA = YES;
				CLANG_WARN_CONSTANT_CONVERSION = YES;
				CLANG_WARN_DEPRECATED_OBJC_IMPLEMENTATIONS = YES;
				CLANG_WARN_DIRECT_OBJC_ISA_USAGE = YES_ERROR;
				CLANG_WARN_EMPTY_BODY = YES;
				CLANG_WARN_ENUM_CONVERSION = YES;
				CLANG_WARN_INFINITE_RECURSION = YES;
				CLANG_WARN_INT_CONVERSION = YES;
				CLANG_WARN_NON_LITERAL_NULL_CONVERSION = YES;
				CLANG_WARN_OBJC_IMPLICIT_RETAIN_SELF = YES;
				CLANG_WARN_OBJC_LITERAL_CONVERSION = YES;
				CLANG_WARN_OBJC_ROOT_CLASS = YES_ERROR;
				CLANG_WARN_RANGE_LOOP_ANALYSIS = YES;
				CLANG_WARN_STRICT_PROTOTYPES = YES;
				CLANG_WARN_SUSPICIOUS_MOVE = YES;
				CLANG_WARN_UNREACHABLE_CODE = YES;
				CLANG_WARN__DUPLICATE_METHOD_MATCH = YES;
				"CODE_SIGN_IDENTITY[sdk=iphoneos*]" = "iPhone Developer";
				COPY_PHASE_STRIP = NO;
				DEBUG_INFORMATION_FORMAT = dwarf;
				ENABLE_STRICT_OBJC_MSGSEND = YES;
				ENABLE_TESTABILITY = YES;
				GCC_C_LANGUAGE_STANDARD = gnu99;
				GCC_DYNAMIC_NO_PIC = NO;
				GCC_NO_COMMON_BLOCKS = YES;
				GCC_OPTIMIZATION_LEVEL = 0;
				GCC_PREPROCESSOR_DEFINITIONS = (
					"DEBUG=1",
					"$(inherited)",
				);
				GCC_WARN_64_TO_32_BIT_CONVERSION = YES;
				GCC_WARN_ABOUT_RETURN_TYPE = YES_ERROR;
				GCC_WARN_UNDECLARED_SELECTOR = YES;
				GCC_WARN_UNINITIALIZED_AUTOS = YES_AGGRESSIVE;
				GCC_WARN_UNUSED_FUNCTION = YES;
				GCC_WARN_UNUSED_VARIABLE = YES;
				IPHONEOS_DEPLOYMENT_TARGET = 12.2;
				MTL_ENABLE_DEBUG_INFO = YES;
				ONLY_ACTIVE_ARCH = YES;
				SDKROOT = iphoneos;
				SWIFT_OPTIMIZATION_LEVEL = "-Onone";
				SWIFT_SWIFT3_OBJC_INFERENCE = Default;
				TARGETED_DEVICE_FAMILY = "1,2";
			};
			name = Debug;
		};
		47E844701D12C7390064777A /* Release */ = {
			isa = XCBuildConfiguration;
			buildSettings = {
				ALWAYS_SEARCH_USER_PATHS = NO;
				CLANG_ANALYZER_LOCALIZABILITY_NONLOCALIZED = YES;
				CLANG_ANALYZER_NONNULL = YES;
				CLANG_CXX_LANGUAGE_STANDARD = "gnu++0x";
				CLANG_CXX_LIBRARY = "libc++";
				CLANG_ENABLE_MODULES = YES;
				CLANG_ENABLE_OBJC_ARC = YES;
				CLANG_WARN_BLOCK_CAPTURE_AUTORELEASING = YES;
				CLANG_WARN_BOOL_CONVERSION = YES;
				CLANG_WARN_COMMA = YES;
				CLANG_WARN_CONSTANT_CONVERSION = YES;
				CLANG_WARN_DEPRECATED_OBJC_IMPLEMENTATIONS = YES;
				CLANG_WARN_DIRECT_OBJC_ISA_USAGE = YES_ERROR;
				CLANG_WARN_EMPTY_BODY = YES;
				CLANG_WARN_ENUM_CONVERSION = YES;
				CLANG_WARN_INFINITE_RECURSION = YES;
				CLANG_WARN_INT_CONVERSION = YES;
				CLANG_WARN_NON_LITERAL_NULL_CONVERSION = YES;
				CLANG_WARN_OBJC_IMPLICIT_RETAIN_SELF = YES;
				CLANG_WARN_OBJC_LITERAL_CONVERSION = YES;
				CLANG_WARN_OBJC_ROOT_CLASS = YES_ERROR;
				CLANG_WARN_RANGE_LOOP_ANALYSIS = YES;
				CLANG_WARN_STRICT_PROTOTYPES = YES;
				CLANG_WARN_SUSPICIOUS_MOVE = YES;
				CLANG_WARN_UNREACHABLE_CODE = YES;
				CLANG_WARN__DUPLICATE_METHOD_MATCH = YES;
				"CODE_SIGN_IDENTITY[sdk=iphoneos*]" = "iPhone Developer";
				COPY_PHASE_STRIP = NO;
				DEBUG_INFORMATION_FORMAT = "dwarf-with-dsym";
				ENABLE_NS_ASSERTIONS = NO;
				ENABLE_STRICT_OBJC_MSGSEND = YES;
				GCC_C_LANGUAGE_STANDARD = gnu99;
				GCC_NO_COMMON_BLOCKS = YES;
				GCC_WARN_64_TO_32_BIT_CONVERSION = YES;
				GCC_WARN_ABOUT_RETURN_TYPE = YES_ERROR;
				GCC_WARN_UNDECLARED_SELECTOR = YES;
				GCC_WARN_UNINITIALIZED_AUTOS = YES_AGGRESSIVE;
				GCC_WARN_UNUSED_FUNCTION = YES;
				GCC_WARN_UNUSED_VARIABLE = YES;
				IPHONEOS_DEPLOYMENT_TARGET = 12.2;
				MTL_ENABLE_DEBUG_INFO = NO;
				SDKROOT = iphoneos;
				SWIFT_COMPILATION_MODE = wholemodule;
				SWIFT_OPTIMIZATION_LEVEL = "-O";
				SWIFT_SWIFT3_OBJC_INFERENCE = Default;
				TARGETED_DEVICE_FAMILY = "1,2";
				VALIDATE_PRODUCT = YES;
			};
			name = Release;
		};
		47E844721D12C7390064777A /* Debug */ = {
			isa = XCBuildConfiguration;
			buildSettings = {
				ASSETCATALOG_COMPILER_APPICON_NAME = AppIcon;
				ASSETCATALOG_COMPILER_LAUNCHIMAGE_NAME = LaunchImage;
				CLANG_ENABLE_MODULES = YES;
				CODE_SIGN_IDENTITY = "iPhone Developer";
				"CODE_SIGN_IDENTITY[sdk=iphoneos*]" = "iPhone Developer";
				DEVELOPMENT_TEAM = LTNSVMT6D3;
				ENABLE_BITCODE = NO;
				HEADER_SEARCH_PATHS = (
					"$(PROJECT_DIR)/libs/ZBarSDK/Headers",
					"$(PROJECT_DIR)/libs/Toast/Toast/Toast",
				);
				INFOPLIST_FILE = Info.plist;
				LD_RUNPATH_SEARCH_PATHS = (
					"$(inherited)",
					"@executable_path/Frameworks",
				);
				LIBRARY_SEARCH_PATHS = (
					"$(inherited)",
					"$(PROJECT_DIR)/libs/ZBarSDK",
				);
				OTHER_LDFLAGS = "-liconv";
				PRODUCT_BUNDLE_IDENTIFIER = io.github.satosystems.qrcode;
				PRODUCT_NAME = "$(TARGET_NAME)";
				PROVISIONING_PROFILE = "";
				SWIFT_OBJC_BRIDGING_HEADER = "src/QR-Code-Bridging-Header.h";
				SWIFT_OPTIMIZATION_LEVEL = "-Onone";
				SWIFT_VERSION = 5.0;
			};
			name = Debug;
		};
		47E844731D12C7390064777A /* Release */ = {
			isa = XCBuildConfiguration;
			buildSettings = {
				ASSETCATALOG_COMPILER_APPICON_NAME = AppIcon;
				ASSETCATALOG_COMPILER_LAUNCHIMAGE_NAME = LaunchImage;
				CLANG_ENABLE_MODULES = YES;
				CODE_SIGN_IDENTITY = "iPhone Developer";
				"CODE_SIGN_IDENTITY[sdk=iphoneos*]" = "iPhone Developer";
				DEVELOPMENT_TEAM = LTNSVMT6D3;
				ENABLE_BITCODE = NO;
				HEADER_SEARCH_PATHS = (
					"$(PROJECT_DIR)/libs/ZBarSDK/Headers",
					"$(PROJECT_DIR)/libs/Toast/Toast/Toast",
				);
				INFOPLIST_FILE = Info.plist;
				LD_RUNPATH_SEARCH_PATHS = (
					"$(inherited)",
					"@executable_path/Frameworks",
				);
				LIBRARY_SEARCH_PATHS = (
					"$(inherited)",
					"$(PROJECT_DIR)/libs/ZBarSDK",
				);
				OTHER_LDFLAGS = "-liconv";
				PRODUCT_BUNDLE_IDENTIFIER = io.github.satosystems.qrcode;
				PRODUCT_NAME = "$(TARGET_NAME)";
				PROVISIONING_PROFILE = "";
				SWIFT_OBJC_BRIDGING_HEADER = "src/QR-Code-Bridging-Header.h";
				SWIFT_VERSION = 5.0;
			};
			name = Release;
		};
/* End XCBuildConfiguration section */

/* Begin XCConfigurationList section */
		47E8445A1D12C7390064777A /* Build configuration list for PBXProject "QR-Code" */ = {
			isa = XCConfigurationList;
			buildConfigurations = (
				47E8446F1D12C7390064777A /* Debug */,
				47E844701D12C7390064777A /* Release */,
			);
			defaultConfigurationIsVisible = 0;
			defaultConfigurationName = Release;
		};
		47E844711D12C7390064777A /* Build configuration list for PBXNativeTarget "QR-Code" */ = {
			isa = XCConfigurationList;
			buildConfigurations = (
				47E844721D12C7390064777A /* Debug */,
				47E844731D12C7390064777A /* Release */,
			);
			defaultConfigurationIsVisible = 0;
			defaultConfigurationName = Release;
		};
/* End XCConfigurationList section */
	};
	rootObject = 47E844571D12C7390064777A /* Project object */;
}
